
Microsoft Visual Studio Solution File, Format Version 12.00
# Visual Studio Version 16
VisualStudioVersion = 16.0.30309.148
MinimumVisualStudioVersion = 10.0.40219.1
Project("{FAE04EC0-301F-11D3-BF4B-00C04F79EFBC}") = "ShoesShopWebApp", "ShoesShopWebApp.csproj", "{068F6D41-CFBC-47F5-ABF9-06F3D8861E71}"
EndProject
Global
	GlobalSection(SolutionConfigurationPlatforms) = preSolution
		Debug|Any CPU = Debug|Any CPU
		Release|Any CPU = Release|Any CPU
	EndGlobalSection
	GlobalSection(ProjectConfigurationPlatforms) = postSolution
		{068F6D41-CFBC-47F5-ABF9-06F3D8861E71}.Debug|Any CPU.ActiveCfg = Debug|Any CPU
		{068F6D41-CFBC-47F5-ABF9-06F3D8861E71}.Debug|Any CPU.Build.0 = Debug|Any CPU
		{068F6D41-CFBC-47F5-ABF9-06F3D8861E71}.Release|Any CPU.ActiveCfg = Release|Any CPU
		{068F6D41-CFBC-47F5-ABF9-06F3D8861E71}.Release|Any CPU.Build.0 = Release|Any CPU
	EndGlobalSection
	GlobalSection(SolutionProperties) = preSolution
		HideSolutionNode = FALSE
	EndGlobalSection
	GlobalSection(ExtensibilityGlobals) = postSolution
		SolutionGuid = {E4FD01C0-B529-4883-99C2-305700F93C1F}
	EndGlobalSection
EndGlobal
